
Microsoft Visual Studio Solution File, Format Version 12.00
# Visual Studio 14
VisualStudioVersion = 14.0.25123.0
MinimumVisualStudioVersion = 10.0.40219.1
Project("{FAE04EC0-301F-11D3-BF4B-00C04F79EFBC}") = "DynamicArrayApp", "DynamicArrayApp\DynamicArrayApp.csproj", "{8B193473-6C0E-4991-82E2-08DCFE8F5AAD}"
EndProject
Global
	GlobalSection(SolutionConfigurationPlatforms) = preSolution
		Debug|Any CPU = Debug|Any CPU
		Release|Any CPU = Release|Any CPU
	EndGlobalSection
	GlobalSection(ProjectConfigurationPlatforms) = postSolution
		{8B193473-6C0E-4991-82E2-08DCFE8F5AAD}.Debug|Any CPU.ActiveCfg = Debug|Any CPU
		{8B193473-6C0E-4991-82E2-08DCFE8F5AAD}.Debug|Any CPU.Build.0 = Debug|Any CPU
		{8B193473-6C0E-4991-82E2-08DCFE8F5AAD}.Release|Any CPU.ActiveCfg = Release|Any CPU
		{8B193473-6C0E-4991-82E2-08DCFE8F5AAD}.Release|Any CPU.Build.0 = Release|Any CPU
	EndGlobalSection
	GlobalSection(SolutionProperties) = preSolution
		HideSolutionNode = FALSE
	EndGlobalSection
EndGlobal
